
Microsoft Visual Studio Solution File, Format Version 12.00
# Visual Studio Version 17
VisualStudioVersion = 17.14.36518.9
MinimumVisualStudioVersion = 10.0.40219.1
Project("{00D1A9C2-B5F0-4AF3-8072-F6C62B433612}") = "SajorEmployee", "SajorDatabase\SajorEmployee.sqlproj", "{81FEB97F-BD61-4929-9599-ED9F905B23D7}"
EndProject
Global
	GlobalSection(SolutionConfigurationPlatforms) = preSolution
		Debug|Any CPU = Debug|Any CPU
		Release|Any CPU = Release|Any CPU
	EndGlobalSection
	GlobalSection(ProjectConfigurationPlatforms) = postSolution
		{81FEB97F-BD61-4929-9599-ED9F905B23D7}.Debug|Any CPU.ActiveCfg = Debug|Any CPU
		{81FEB97F-BD61-4929-9599-ED9F905B23D7}.Debug|Any CPU.Build.0 = Debug|Any CPU
		{81FEB97F-BD61-4929-9599-ED9F905B23D7}.Debug|Any CPU.Deploy.0 = Debug|Any CPU
		{81FEB97F-BD61-4929-9599-ED9F905B23D7}.Release|Any CPU.ActiveCfg = Release|Any CPU
		{81FEB97F-BD61-4929-9599-ED9F905B23D7}.Release|Any CPU.Build.0 = Release|Any CPU
		{81FEB97F-BD61-4929-9599-ED9F905B23D7}.Release|Any CPU.Deploy.0 = Release|Any CPU
	EndGlobalSection
	GlobalSection(SolutionProperties) = preSolution
		HideSolutionNode = FALSE
	EndGlobalSection
	GlobalSection(ExtensibilityGlobals) = postSolution
		SolutionGuid = {5E20C875-6B2E-4BBE-9B93-774515F37249}
	EndGlobalSection
EndGlobal
